{
  "version": "5",
  "specifiers": {
    "npm:@aws-sdk/client-s3@3.1000.0": "3.1000.0",
    "npm:@aws-sdk/s3-request-presigner@3.1000.0": "3.1000.0",
    "npm:@supabase/supabase-js@2.104.0": "2.104.0"
  },
  "npm": {
    "@aws-crypto/sha1-browser@5.2.0": {
      "integrity": "sha512-OH6lveCFfcDjX4dbAvCFSYUjJZjDr/3XJ3xHtjn3Oj5b9RjojQo8npoLeA/bNwkOkrSQ0wgrHzXk4tDRxGKJeg==",
      "dependencies": [
        "@aws-crypto/supports-web-crypto",
        "@aws-crypto/util",
        "@aws-sdk/types",
        "@aws-sdk/util-locate-window",
        "@smithy/util-utf8@2.3.0",
        "tslib"
      ]
    },
    "@aws-crypto/sha256-browser@5.2.0": {
      "integrity": "sha512-AXfN/lGotSQwu6HNcEsIASo7kWXZ5HYWvfOmSNKDsEqC4OashTp8alTmaz+F7TC2L083SFv5RdB+qU3Vs1kZqw==",
      "dependencies": [
        "@aws-crypto/sha256-js",
        "@aws-crypto/supports-web-crypto",
        "@aws-crypto/util",
        "@aws-sdk/types",
        "@aws-sdk/util-locate-window",
        "@smithy/util-utf8@2.3.0",
        "tslib"
      ]
    },
    "@aws-crypto/sha256-js@5.2.0": {
      "integrity": "sha512-FFQQyu7edu4ufvIZ+OadFpHHOt+eSTBaYaki44c+akjg7qZg9oOQeLlk77F6tSYqjDAFClrHJk9tMf0HdVyOvA==",
      "dependencies": [
        "@aws-crypto/util",
        "@aws-sdk/types",
        "tslib"
      ]
    },
    "@aws-crypto/supports-web-crypto@5.2.0": {
      "integrity": "sha512-iAvUotm021kM33eCdNfwIN//F77/IADDSs58i+MDaOqFrVjZo9bAal0NK7HurRuWLLpF1iLX7gbWrjHjeo+YFg==",
      "dependencies": [
        "tslib"
      ]
    },
    "@aws-crypto/util@5.2.0": {
      "integrity": "sha512-4RkU9EsI6ZpBve5fseQlGNUWKMa1RLPQ1dnjnQoe07ldfIzcsGb5hC5W0Dm7u423KWzawlrpbjXBrXCEv9zazQ==",
      "dependencies": [
        "@aws-sdk/types",
        "@smithy/util-utf8@2.3.0",
        "tslib"
      ]
    },
    "@aws-sdk/checksums@3.1001.1": {
      "integrity": "sha512-x12Q17KYlJAd3nKf8LV5LV0vt8sh8/6YfQLGPtrGnQf/tW4jqxPGq5GPpuVitpQYM3eUR4XB7CbxZf751NMbLw==",
      "dependencies": [
        "@aws-sdk/core",
        "@aws-sdk/types",
        "@smithy/core",
        "@smithy/types",
        "tslib"
      ]
    },
    "@aws-sdk/client-s3@3.1000.0": {
      "integrity": "sha512-7kPy33qNGq3NfwHC0412T6LDK1bp4+eiPzetX0sVd9cpTSXuQDKpoOFnB0Njj6uZjJDcLS3n2OeyarwwgkQ0Ow==",
      "dependencies": [
        "@aws-crypto/sha1-browser",
        "@aws-crypto/sha256-browser",
        "@aws-crypto/sha256-js",
        "@aws-sdk/core",
        "@aws-sdk/credential-provider-node",
        "@aws-sdk/middleware-bucket-endpoint",
        "@aws-sdk/middleware-expect-continue",
        "@aws-sdk/middleware-flexible-checksums",
        "@aws-sdk/middleware-host-header",
        "@aws-sdk/middleware-location-constraint",
        "@aws-sdk/middleware-logger",
        "@aws-sdk/middleware-recursion-detection",
        "@aws-sdk/middleware-sdk-s3",
        "@aws-sdk/middleware-ssec",
        "@aws-sdk/middleware-user-agent",
        "@aws-sdk/region-config-resolver",
        "@aws-sdk/signature-v4-multi-region",
        "@aws-sdk/types",
        "@aws-sdk/util-endpoints",
        "@aws-sdk/util-user-agent-browser",
        "@aws-sdk/util-user-agent-node",
        "@smithy/config-resolver",
        "@smithy/core",
        "@smithy/eventstream-serde-browser",
        "@smithy/eventstream-serde-config-resolver",
        "@smithy/eventstream-serde-node",
        "@smithy/fetch-http-handler",
        "@smithy/hash-blob-browser",
        "@smithy/hash-node",
        "@smithy/hash-stream-node",
        "@smithy/invalid-dependency",
        "@smithy/md5-js",
        "@smithy/middleware-content-length",
        "@smithy/middleware-endpoint",
        "@smithy/middleware-retry",
        "@smithy/middleware-serde",
        "@smithy/middleware-stack",
        "@smithy/node-config-provider",
        "@smithy/node-http-handler",
        "@smithy/protocol-http",
        "@smithy/smithy-client",
        "@smithy/types",
        "@smithy/url-parser",
        "@smithy/util-base64",
        "@smithy/util-body-length-browser",
        "@smithy/util-body-length-node",
        "@smithy/util-defaults-mode-browser",
        "@smithy/util-defaults-mode-node",
        "@smithy/util-endpoints",
        "@smithy/util-middleware",
        "@smithy/util-retry",
        "@smithy/util-stream",
        "@smithy/util-utf8@4.5.2",
        "@smithy/util-waiter",
        "tslib"
      ]
    },
    "@aws-sdk/core@3.978.1": {
      "integrity": "sha512-LbY9aGsEiznDWmUc30Nwv3aIX/+dbwTx8KfS0yOC3NPYMO+O91e6jkT1azf34FwjOndq8/Q+RcVVZz5xnerwdg==",
      "dependencies": [
        "@aws-sdk/types",
        "@aws-sdk/xml-builder",
        "@aws/lambda-invoke-store",
        "@smithy/core",
        "@smithy/signature-v4",
        "@smithy/types",
        "bowser",
        "tslib"
      ]
    },
    "@aws-sdk/credential-provider-env@3.972.72": {
      "integrity": "sha512-xTKO/FWJPozTIXbozVnVGoNBhaGba8TBcx+KyUjRVeOlXE+dUc7GTR1cLvu0uTdIdmemzaFbqqCshXeZA1fZew==",
      "dependencies": [
        "@aws-sdk/core",
        "@aws-sdk/types",
        "@smithy/core",
        "@smithy/types",
        "tslib"
      ]
    },
    "@aws-sdk/credential-provider-http@3.972.74": {
      "integrity": "sha512-u91E/hT8f4d1xy0Jl7VG4nVKJ3lxbrZkoBTeSVoJdWBiSEUMwMS/9+e0H/aJVQV//Lt5wuzP+E69v4aRSsNTmw==",
      "dependencies": [
        "@aws-sdk/core",
        "@aws-sdk/types",
        "@smithy/core",
        "@smithy/fetch-http-handler",
        "@smithy/node-http-handler",
        "@smithy/types",
        "tslib"
      ]
    },
    "@aws-sdk/credential-provider-ini@3.973.17": {
      "integrity": "sha512-ged4KXdBkvIC81bLvNHHuQKdKak/VXhQTR1NWYTTqW0474nlmsxy9O/vlgTIohDDWH3xpBdtVMZRyjb+DnocDA==",
      "dependencies": [
        "@aws-sdk/core",
        "@aws-sdk/credential-provider-env",
        "@aws-sdk/credential-provider-http",
        "@aws-sdk/credential-provider-login",
        "@aws-sdk/credential-provider-process",
        "@aws-sdk/credential-provider-sso",
        "@aws-sdk/credential-provider-web-identity",
        "@aws-sdk/nested-clients",
        "@aws-sdk/types",
        "@smithy/core",
        "@smithy/credential-provider-imds",
        "@smithy/types",
        "tslib"
      ]
    },
    "@aws-sdk/credential-provider-login@3.972.79": {
      "integrity": "sha512-L+Z85anONJd8MaiuraO4wRxATCdEejBZ3K3eymzWI5JPXa9sOS9CkIm72PBKqXKX+Z9p9NGMX5AIMXm0LEflgw==",
      "dependencies": [
        "@aws-sdk/core",
        "@aws-sdk/nested-clients",
        "@aws-sdk/types",
        "@smithy/core",
        "@smithy/types",
        "tslib"
      ]
    },
    "@aws-sdk/credential-provider-node@3.972.84": {
      "integrity": "sha512-oHt854odINVwzwsh+c5x69j0ajm4DbqqqVJ+O1ECsCIZeMDAbzFpXItaqP7UZstJj/ATdTk/KFSH0LaNAgV+kA==",
      "dependencies": [
        "@aws-sdk/credential-provider-env",
        "@aws-sdk/credential-provider-http",
        "@aws-sdk/credential-provider-ini",
        "@aws-sdk/credential-provider-process",
        "@aws-sdk/credential-provider-sso",
        "@aws-sdk/credential-provider-web-identity",
        "@aws-sdk/types",
        "@smithy/core",
        "@smithy/credential-provider-imds",
        "@smithy/types",
        "tslib"
      ]
    },
    "@aws-sdk/credential-provider-process@3.972.72": {
      "integrity": "sha512-rLIp2xbMjX/k9/od7APpqq1ZgXXnV0pOL1Th3ZsL8Wu0TRtBsDTVS8iPqcfRFcHakFxPvR04OSTv2ka2qOb/2A==",
      "dependencies": [
        "@aws-sdk/core",
        "@aws-sdk/types",
        "@smithy/core",
        "@smithy/types",
        "tslib"
      ]
    },
    "@aws-sdk/credential-provider-sso@3.973.16": {
      "integrity": "sha512-IGihaJfFZYacJJr/odqILCoK7W/mvrZ7cuK7ECn3sAu4vLC6u0V8bS7mCGbdugJ8Aum2tnvqmx0F2MRFp2rn9g==",
      "dependencies": [
        "@aws-sdk/core",
        "@aws-sdk/nested-clients",
        "@aws-sdk/token-providers",
        "@aws-sdk/types",
        "@smithy/core",
        "@smithy/types",
        "tslib"
      ]
    },
    "@aws-sdk/credential-provider-web-identity@3.972.78": {
      "integrity": "sha512-/y9WvNtlcPBGLR0qc1a+9J/xtYZfVczvLUOuXaVWylzttH7ewsxwHtjmiJSolNrVSDorIxHGHMU61CbonRkmwA==",
      "dependencies": [
        "@aws-sdk/core",
        "@aws-sdk/nested-clients",
        "@aws-sdk/types",
        "@smithy/core",
        "@smithy/types",
        "tslib"
      ]
    },
    "@aws-sdk/middleware-bucket-endpoint@3.972.50": {
      "integrity": "sha512-p5uNKjGeFdyXKAzgbt6H37+WdLCQ6lKBuUFSybB0D0I1olc1G5btF5xBxeBbOJpaLanCOOFzyB8l7+J/mFVNKg==",
      "dependencies": [
        "@aws-sdk/middleware-sdk-s3",
        "tslib"
      ]
    },
    "@aws-sdk/middleware-expect-continue@3.972.46": {
      "integrity": "sha512-+dyYf1VYmZu1hD5yl9V8W9/OHymUANnKgLRu4ABizzaPv4n0JoDEnBBZKWZQRDParc8h7IzRicBTw3kEycaAAQ==",
      "dependencies": [
        "@aws-sdk/middleware-sdk-s3",
        "tslib"
      ]
    },
    "@aws-sdk/middleware-flexible-checksums@3.974.56": {
      "integrity": "sha512-bBwhvvVRmJ/hdLbfrRhrOtTNa8CKhTN/Oh1v6FDIbiEpDAVD4KDcnZFMcyIssLYEg0NWXSbfJV4f1Io+/arI/w==",
      "dependencies": [
        "@aws-sdk/checksums",
        "tslib"
      ]
    },
    "@aws-sdk/middleware-host-header@3.972.47": {
      "integrity": "sha512-whuEbJFUrhULI519UvSKPIAj4vcWEMFQn3riuo1ApKZNUbRU7IERsSXPy/InoRU0tj+2u8U2C3m5iFputKbclQ==",
      "dependencies": [
        "@aws-sdk/core",
        "tslib"
      ]
    },
    "@aws-sdk/middleware-location-constraint@3.972.43": {
      "integrity": "sha512-2OxLCMnzvHiykfQxLMmDxXEp3NRWaQfqOvFdBWLpRp1QhtgBSE2gOOJCu1czFnUBRZNRiIiAp0MuuOefrHZ2Ag==",
      "dependencies": [
        "@aws-sdk/middleware-sdk-s3",
        "tslib"
      ]
    },
    "@aws-sdk/middleware-logger@3.972.46": {
      "integrity": "sha512-wYpwRmsqZ3pX54XREl3ZFLoo8Dyjh28LF5xBeZxxQYgGnWJDQDRQyWQt21/7JbHW86BKCKJ8jUdtgLslcVu0AQ==",
      "dependencies": [
        "@aws-sdk/core",
        "tslib"
      ]
    },
    "@aws-sdk/middleware-recursion-detection@3.972.48": {
      "integrity": "sha512-8trsnwbqBck2i3a086mqNe5qJH1zr5QnIQ2xn8dUAx6+phPxadRGmKtGneCzZHP0mTeWWyei5znWoipQyYjSSw==",
      "dependencies": [
        "@aws-sdk/core",
        "tslib"
      ]
    },
    "@aws-sdk/middleware-sdk-s3@3.972.77": {
      "integrity": "sha512-E7W2UOeUoc+lg3uIfR/dM7ZwusHwhBQrKMnlkRv4EXRR+C0YtV1pg25xC7GdZIhXH+NAMgZPCbE7o5to2cjFiw==",
      "dependencies": [
        "@aws-sdk/core",
        "@aws-sdk/signature-v4-multi-region",
        "@aws-sdk/types",
        "@smithy/core",
        "@smithy/types",
        "tslib"
      ]
    },
    "@aws-sdk/middleware-ssec@3.972.43": {
      "integrity": "sha512-cluyDRiDdOO63gvbjzw7qs2ZUD7bDemaTGRyi3pCuKm1TXmUBwBeRj/Bx5/wyfzVcMFMwOsRUJS239tBF2AJDA==",
      "dependencies": [
        "@aws-sdk/middleware-sdk-s3",
        "tslib"
      ]
    },
    "@aws-sdk/middleware-user-agent@3.972.76": {
      "integrity": "sha512-cspAO/d2y5A0rn+h+E49MmgZWGHASIqrq0/XqtvHNrA3wY1tqjZ/e2+F/v5cF34EmxMf1OFH54hP1XGRj9+22Q==",
      "dependencies": [
        "@aws-sdk/core",
        "tslib"
      ]
    },
    "@aws-sdk/nested-clients@3.997.46": {
      "integrity": "sha512-oRxtBcka/JGHGs9l9p9IVajGoTP8vTPmoAzdHGy4Qcy9P5vPnDf6nhIeM/COQNY9k/OahImTRaLkHftoXvfcmQ==",
      "dependencies": [
        "@aws-sdk/core",
        "@aws-sdk/signature-v4-multi-region",
        "@aws-sdk/types",
        "@smithy/core",
        "@smithy/fetch-http-handler",
        "@smithy/node-http-handler",
        "@smithy/types",
        "tslib"
      ]
    },
    "@aws-sdk/region-config-resolver@3.972.50": {
      "integrity": "sha512-qspQXZb0efwK/2/i6RRLRhR4cgCZE40WKgPjcG7AJhG4d1d5xMZTLQdQF0M0Cu1EMRef6QqyCe913FGE8KWZmw==",
      "dependencies": [
        "@aws-sdk/core",
        "tslib"
      ]
    },
    "@aws-sdk/s3-request-presigner@3.1000.0": {
      "integrity": "sha512-DP6EbwCD0CKzBwBnT1X6STB5i+bY765CxjMbWCATDhCgOB343Q6AHM9c1S/300Uc5waXWtI/Wdeak9Ru56JOvg==",
      "dependencies": [
        "@aws-sdk/signature-v4-multi-region",
        "@aws-sdk/types",
        "@aws-sdk/util-format-url",
        "@smithy/middleware-endpoint",
        "@smithy/protocol-http",
        "@smithy/smithy-client",
        "@smithy/types",
        "tslib"
      ]
    },
    "@aws-sdk/signature-v4-multi-region@3.996.47": {
      "integrity": "sha512-Zk08macMvQTHzQJCLJVkOlviVoqwYMrpXv4lmLN7b7sAbiMoOK7Go0NYdR5UeF+MW8LIbRmwrNy9u/5VvX1U5g==",
      "dependencies": [
        "@aws-sdk/types",
        "@smithy/signature-v4",
        "@smithy/types",
        "tslib"
      ]
    },
    "@aws-sdk/token-providers@3.1138.0": {
      "integrity": "sha512-GpyAr0DD63YOEmYFM6Df+gJuIgC92MMTiBK4FTKfxii5MJ9ge20epR7LyroulscYlG89J+ZB2ivFDPjvfQhzdw==",
      "dependencies": [
        "@aws-sdk/core",
        "@aws-sdk/nested-clients",
        "@aws-sdk/types",
        "@smithy/core",
        "@smithy/types",
        "tslib"
      ]
    },
    "@aws-sdk/types@3.974.6": {
      "integrity": "sha512-v/clNZzZnDxGyvpHMOGpJKVXFAExJzUNAAjaWGdcx8QAcXLGwTaOkw33p5SHAi0YAioK32xB3hWwOekRVfmfKg==",
      "dependencies": [
        "@smithy/types",
        "tslib"
      ]
    },
    "@aws-sdk/util-endpoints@3.996.45": {
      "integrity": "sha512-JpgfOBUkPa+ubz8aweqchjgseD9BUg1fTjWVJF6GEX0T5GxRx4qZ31NetSxVD6nLKBUXw9+vwLtIdtgvUjYTew==",
      "dependencies": [
        "@aws-sdk/core",
        "@smithy/core",
        "tslib"
      ]
    },
    "@aws-sdk/util-format-url@3.972.48": {
      "integrity": "sha512-wo3g/4Bdt7KUBxomLA6AFHm/DSvkWfr2VJN2fi8skwAgHEZye+idsyHKsUlRI1mOIA+3kdXy2tVatBtm+twdgQ==",
      "dependencies": [
        "@aws-sdk/core",
        "tslib"
      ]
    },
    "@aws-sdk/util-locate-window@3.965.10": {
      "integrity": "sha512-ycwH6Zd2GhuSqdXX9ihbCjeGTB6xOJs+O3+Jb8/zDG9978XU80qs75dfkPJRMNKe5MvBZPuNeFpd4JZKPoUF4g==",
      "dependencies": [
        "tslib"
      ]
    },
    "@aws-sdk/util-user-agent-browser@3.972.47": {
      "integrity": "sha512-lhUT3ayGN+Y29li1b8FzgguZplzDKK9A1cvA4sclCLMVqJicC1RNFiRIlQbwqHTaW6tYn8ABGtCrSGXZeWdCYA==",
      "dependencies": [
        "@aws-sdk/core",
        "tslib"
      ]
    },
    "@aws-sdk/util-user-agent-node@3.973.62": {
      "integrity": "sha512-R2yHO3Jl20JcR5DK2LhrcZ4cKb/OijyHlyQxvXf8u5wScgk3SD+Ea2HwUXYbSKbuAx5ABXanLeEAT5tivgi45g==",
      "dependencies": [
        "@aws-sdk/core",
        "tslib"
      ]
    },
    "@aws-sdk/xml-builder@3.972.41": {
      "integrity": "sha512-ctjVSyCMegrWfXlx6VqzSBFI6UqmQ5ZlnfMhdLIiWmhoH8UAQxSCP5N3OpG7X3k4LnS7ou74C4mt20+bfTW2aQ==",
      "dependencies": [
        "@smithy/types",
        "tslib"
      ]
    },
    "@aws/lambda-invoke-store@0.3.0": {
      "integrity": "sha512-sl4Bm6yiMNYrZKkqqDFWN0UfnWhlS8ivKxrYl+6t0gCLrqr8y3B2IqZZbFRkfaVVp7C/baApyh71P+LeE1A2sQ=="
    },
    "@smithy/config-resolver@4.7.2": {
      "integrity": "sha512-Y1XfSefHIOub9762qm3ShafdlEE/Va8h3kLUeMq765fNeWeNLcOP2YUPr86H1SlyGwZTOqQ67RlBZPZ3k9Djgg==",
      "dependencies": [
        "@smithy/core",
        "tslib"
      ]
    },
    "@smithy/core@3.35.0": {
      "integrity": "sha512-zRMhfkByhT2snNdr1si24vJitU6Cr9ix2MikUfWmkAgp4jrNP0GcKSP5YvwQ+TlI8AZXER5QOGJn3JsVtSD9/A==",
      "dependencies": [
        "@smithy/types",
        "tslib"
      ]
    },
    "@smithy/credential-provider-imds@4.5.2": {
      "integrity": "sha512-A9uSdn72ozbRUSit0eib0TW7nXuNPlaeM0zcGkJ+nE6tFcSDbnmtwoxbTCFBukVQcszDAyvsd7+rTduPTXpygg==",
      "dependencies": [
        "@smithy/core",
        "@smithy/types",
        "tslib"
      ]
    },
    "@smithy/eventstream-serde-browser@4.5.2": {
      "integrity": "sha512-HQ4l596buGUPnypSGfoYKp17GvR0sMMKyc6PQ/NHxLmh8sQjP7h3TRvy+lW/et12UN9BRPAbHJKa4d3XMMVszQ==",
      "dependencies": [
        "@smithy/core",
        "tslib"
      ]
    },
    "@smithy/eventstream-serde-config-resolver@4.6.2": {
      "integrity": "sha512-GVWpmVKiVAvZDr3E0qRPu+A7TzeeMUctuP9SoFpzGx31lenW3Wk8zq7N97p8sJMwLCyVhXcbv5D0UTURCHdH0w==",
      "dependencies": [
        "@smithy/core",
        "tslib"
      ]
    },
    "@smithy/eventstream-serde-node@4.5.2": {
      "integrity": "sha512-WkWkseIHXv+hr6RnrkpEOv5TOPHWLzzlOsocnPCCKsdfCOkBN7qhBn1/Pij9QZynkloJXYsQp9A5ykdIPVL2tg==",
      "dependencies": [
        "@smithy/core",
        "tslib"
      ]
    },
    "@smithy/fetch-http-handler@5.8.0": {
      "integrity": "sha512-ycSJu3tFAQ4v04CBB0agqFMVsSQ1iG3yw+SpgxRqKfaURpQD4CZ8Wn0zPMmSnOuTpTh65Vz+EA0rMrw089wvkA==",
      "dependencies": [
        "@smithy/core",
        "@smithy/types",
        "tslib"
      ]
    },
    "@smithy/hash-blob-browser@4.5.2": {
      "integrity": "sha512-+fx5GrWB/EElSRl/z+MQXa5RMaGH4ZH/MyZbBgH7CDE053KLD9o4kLGdrBGe8KicU/t22cHzdZs2cVwGL1yt9g==",
      "dependencies": [
        "@smithy/core",
        "tslib"
      ]
    },
    "@smithy/hash-node@4.5.2": {
      "integrity": "sha512-OcD8fGClTkP0BWHVEAgUp1RZyCw8cKfqTPQ+DgrSF5jvR8zKkw2Aud79L4G/1Fu3QKLcsHExxRIPQCcKx7+xkg==",
      "dependencies": [
        "@smithy/core",
        "tslib"
      ]
    },
    "@smithy/hash-stream-node@4.5.2": {
      "integrity": "sha512-0sx3A9RyCV8taQ1UM9P7K9JFH2bsLXhdIr85vNNXkhq7Q9TqUdm+XxGiBuInq76aA7vBdvUQFvvyBoB95DJf3Q==",
      "dependencies": [
        "@smithy/core",
        "tslib"
      ]
    },
    "@smithy/invalid-dependency@4.5.2": {
      "integrity": "sha512-VONOgtCxIXtwXrLVZPUdxOELYpkFzNizkpbQE5CrJ/OEh12Osx+LVXsLEAF+JcvVqPODmUoOUaovlOjCQHTOow==",
      "dependencies": [
        "@smithy/core",
        "tslib"
      ]
    },
    "@smithy/is-array-buffer@2.2.0": {
      "integrity": "sha512-GGP3O9QFD24uGeAXYUjwSTXARoqpZykHadOmA8G5vfJPK0/DC67qa//0qvqrJzL1xc8WQWX7/yc7fwudjPHPhA==",
      "dependencies": [
        "tslib"
      ]
    },
    "@smithy/md5-js@4.5.2": {
      "integrity": "sha512-EC8CXhy/Y3DHniNBPK63ECkYir91IpFhIbVOo/Z7y75hO3RMFY0v+b6MUPLVp0TBtTRo+A5uU73yqyrTecTJmw==",
      "dependencies": [
        "@smithy/core",
        "tslib"
      ]
    },
    "@smithy/middleware-content-length@4.5.2": {
      "integrity": "sha512-43Ixsc2OE5rhruhc9a1vETUCmK3Yh1AIbg2+wwQUgloOIti2FgPHmPLLBkjIqx8vdmpABtsVlhazNr5TMZKJmA==",
      "dependencies": [
        "@smithy/core",
        "tslib"
      ]
    },
    "@smithy/middleware-endpoint@4.7.2": {
      "integrity": "sha512-7HgK3/pQQHcD5w9lOPtK53/eDMKDp324Nd4KZ8XvxlcKHiWytuM9VwVOB2iy3rutsz/N1WNEWBkaRBayrGnuog==",
      "dependencies": [
        "@smithy/core",
        "tslib"
      ]
    },
    "@smithy/middleware-retry@4.8.2": {
      "integrity": "sha512-wj0BTZ6SC7YI8hSLMbZCO1BP7k8JOuSUHjRYrZJApqNEiHL6jxaLs5Sr92EeXu5CuVzZOUCFUuewXusWxps0bQ==",
      "dependencies": [
        "@smithy/core",
        "tslib"
      ]
    },
    "@smithy/middleware-serde@4.5.2": {
      "integrity": "sha512-5Qeqkw4IdmUQUGR/FRImBruFcnXiwGC8+EOVH377bonkQF66temzxM4HbCnOOQb8U/SClP1IdlFbC7CTmKux4Q==",
      "dependencies": [
        "@smithy/core",
        "tslib"
      ]
    },
    "@smithy/middleware-stack@4.5.2": {
      "integrity": "sha512-db1TDSBA03WtomPMLWPy69L85vEaQbbnDHlmCYQ7hIqOdD22K+k8GlsVYdafYKaFkJaJW2OvcgcXOELGfhtptA==",
      "dependencies": [
        "@smithy/core",
        "tslib"
      ]
    },
    "@smithy/node-config-provider@4.6.2": {
      "integrity": "sha512-zMrXu/O5tPa7GLtra8L4wFG6DACcXT9QV4Ay+WEAjUhXm1dVq7c/q9Qv9gkJZNLY8hmQKg08778kDcxpKNMqOA==",
      "dependencies": [
        "@smithy/core",
        "tslib"
      ]
    },
    "@smithy/node-http-handler@4.12.1": {
      "integrity": "sha512-ThMkboGeONWXAelq9FvGsuJC4rOi+qyC4/zhUF58xYpxUg5sQKx2VXZYJmtNjr4dSuBJ1HeJXETQILCz3wOHvw==",
      "dependencies": [
        "@smithy/core",
        "@smithy/types",
        "tslib"
      ]
    },
    "@smithy/protocol-http@5.6.2": {
      "integrity": "sha512-Asd04MaxODN6FNY8EPTeCAM4kPNi3jDUAjZU0Y4F9rHvpLUrrUo7KLcxFgSthywFr6dZfIyDLIJda6jxmVTk5w==",
      "dependencies": [
        "@smithy/core",
        "tslib"
      ]
    },
    "@smithy/signature-v4@5.7.4": {
      "integrity": "sha512-tHy0K0VtqNd5Y7Y41h0a0Lhh0L1GzC08dTWg0F7vRJWFtTENg7IZikf3wQkanYIRdb7ngoIPMTmqgUi401fEeQ==",
      "dependencies": [
        "@smithy/core",
        "@smithy/types",
        "tslib"
      ]
    },
    "@smithy/smithy-client@4.15.2": {
      "integrity": "sha512-qweA7dHwcWmq8IN2mIGo7nAfeji1nwWBra+P3nz4R8W8yoQYE6Iy2bN33I0W3d50MN/V5EiDY/nElr4EHITsrg==",
      "dependencies": [
        "@smithy/core",
        "@smithy/types",
        "tslib"
      ]
    },
    "@smithy/types@4.19.0": {
      "integrity": "sha512-r7jh49VJxGerfAcTQA6gXcKc+98zOp/tqRwzYjgOE+iSQsP6cEU1hq2QzbuipmP68QtYdY9wKEhiCQZIzHgZ4Q==",
      "dependencies": [
        "tslib"
      ]
    },
    "@smithy/url-parser@4.5.2": {
      "integrity": "sha512-xqZcyU/YjOt9ofe8WM1y9aCaAmxel2iRiHpkT0x2BN++mRXw0M4VdxPAOtuux279JndY6wWMiOt5BJ2xmAuMYA==",
      "dependencies": [
        "@smithy/core",
        "tslib"
      ]
    },
    "@smithy/util-base64@4.6.2": {
      "integrity": "sha512-wTQX1hPfElIqY6AzM/s6c4UgpMxCL4MwJ5u6340ksLPq78lur6Y+keheIDk5gMX4G3KFh4MERcDt6xhRq+ie1Q==",
      "dependencies": [
        "@smithy/core",
        "tslib"
      ]
    },
    "@smithy/util-body-length-browser@4.5.2": {
      "integrity": "sha512-QyeUSin/R2nz0hXZ5ObTvhmCQomsr6+ZyHygab5AH5+fTY5xVDQeX1DFKp9uPEwOs6RW26jEn9yqq+4yqIZDrA==",
      "dependencies": [
        "@smithy/core",
        "tslib"
      ]
    },
    "@smithy/util-body-length-node@4.5.2": {
      "integrity": "sha512-SErsW8pBKTCkFEA1RoChwW6/8JYzdcWqWDOsRP0xOtxMYsHOUMcldkcQjtujpKSy2FtlywqygCOxSKarc4TAZw==",
      "dependencies": [
        "@smithy/core",
        "tslib"
      ]
    },
    "@smithy/util-buffer-from@2.2.0": {
      "integrity": "sha512-IJdWBbTcMQ6DA0gdNhh/BwrLkDR+ADW5Kr1aZmd4k3DIF6ezMV4R2NIAmT08wQJ3yUK82thHWmC/TnK/wpMMIA==",
      "dependencies": [
        "@smithy/is-array-buffer",
        "tslib"
      ]
    },
    "@smithy/util-defaults-mode-browser@4.6.2": {
      "integrity": "sha512-wENSdyLXVzupl1nyPK7JP/wt6Lkph/psRgocKli5NLh7O936L66FrZQ/I9HBHwZ5N0Z4MJUoj8qNdw+/6cTRgA==",
      "dependencies": [
        "@smithy/core",
        "tslib"
      ]
    },
    "@smithy/util-defaults-mode-node@4.5.2": {
      "integrity": "sha512-3915rhdCibo7Do927AFV6pXxsIiaKOZGGexJ3LnT2l5CgJZi3DPqZ2ZMhYTIPjiRA3asHhPe0gaFBtxuqXC8aA==",
      "dependencies": [
        "@smithy/core",
        "tslib"
      ]
    },
    "@smithy/util-endpoints@3.7.2": {
      "integrity": "sha512-16wQS3r4gXctr9/uYB0OUAUOm1LZLUKAsBeG364l64OalFwsRRvgO+AjL3OYxmxt060z1ExchX2ayrNVfM0r9Q==",
      "dependencies": [
        "@smithy/core",
        "tslib"
      ]
    },
    "@smithy/util-middleware@4.5.2": {
      "integrity": "sha512-wmfA04AZqTwu10EWGKUu4dm/3BZfSedqlqAiQPWVr8OkwFh0MovRDBwc48Pzd2YEEjqpI0JwXVk65TBarff3wQ==",
      "dependencies": [
        "@smithy/core",
        "tslib"
      ]
    },
    "@smithy/util-retry@4.6.2": {
      "integrity": "sha512-q6MXFNu+W4ZCNdNKutzDLP/Hzumd1FU9CQX++P/7ylanYIYiGhgZwSzwZWAw+G1RNcfY+RBYv61XcGlSYhj+BA==",
      "dependencies": [
        "@smithy/core",
        "tslib"
      ]
    },
    "@smithy/util-stream@4.8.2": {
      "integrity": "sha512-R+S7jmu8VdbtOygMUSIGfkmOBp0SowT8+8LZdk21oXdmmKfN4G/bwN5IGIi0UH3RwWc9KJWDH1Dzm45DClyUvw==",
      "dependencies": [
        "@smithy/core",
        "tslib"
      ]
    },
    "@smithy/util-utf8@2.3.0": {
      "integrity": "sha512-R8Rdn8Hy72KKcebgLiv8jQcQkXoLMOGGv5uI1/k0l+snqkOzQ1R0ChUBCxWMlBsFMekWjq0wRudIweFs7sKT5A==",
      "dependencies": [
        "@smithy/util-buffer-from",
        "tslib"
      ]
    },
    "@smithy/util-utf8@4.5.2": {
      "integrity": "sha512-7wNWV7SugHpcMA7uzEawJNpE0GrasXM7a9E+1+Wm6NxVuDClESac/AKt+G7jMZNUz5vBLWqKlqVV7Sv7AtUr6Q==",
      "dependencies": [
        "@smithy/core",
        "tslib"
      ]
    },
    "@smithy/util-waiter@4.6.2": {
      "integrity": "sha512-TNNK01i1HiSAR6hBF94J7q338JgEaHPrP8QKRSeQBsbSbw5O4+YGdZYitmsTeEWvHGX+2R/oQ7BzxyAjeZxuWg==",
      "dependencies": [
        "@smithy/core",
        "tslib"
      ]
    },
    "@supabase/auth-js@2.104.0": {
      "integrity": "sha512-Vs0ndL+s5an7rOmXtS/nbYnGXL8m+KXlCSrPIcw9bR96ma6qyLYILnE6syuM+rpDnf+Tg4PVNxNB2+oDwoy6mA==",
      "dependencies": [
        "tslib"
      ]
    },
    "@supabase/functions-js@2.104.0": {
      "integrity": "sha512-O8EyEz/RT1kfWhyJNpVc/VbLeBsohHGBVif/CI83zoMB+Iul/t/NIekH1/7RsH6kuO+b2D4wJhfiaW8Qr47sRg==",
      "dependencies": [
        "tslib"
      ]
    },
    "@supabase/phoenix@0.4.5": {
      "integrity": "sha512-aAn9H9ovVyeApKy11OWOrrOGq8DV68yWeH4ud2lN9fzn4aO8Zb5GLL9m1pUg9nLqIcT+ZDfAcsZe0E/nqdv2lw=="
    },
    "@supabase/postgrest-js@2.104.0": {
      "integrity": "sha512-ynylEq6wduQEycj6pL3P+/yIfDQ+CTnBC5I6p+PzcAO2ybj9coAITVtMfboi+g/dacgMslN5MH73rXsRMB29+Q==",
      "dependencies": [
        "tslib"
      ]
    },
    "@supabase/realtime-js@2.104.0": {
      "integrity": "sha512-9fUVDoTVAhn7a79+AmEx+asUlRtf2yBrji7TQckcKn/WK4hvAA9Lia9er+lnhuz3WNiF1x6kkA4x7bRCJrU+KA==",
      "dependencies": [
        "@supabase/phoenix",
        "@types/ws",
        "tslib",
        "ws"
      ]
    },
    "@supabase/storage-js@2.104.0": {
      "integrity": "sha512-s2NHtuAWb9nldJ/fS62WnJE6edvCWn31rrO+FJKlAohs99qdVgtLegUReTU2H9WnZiQlVqaBtu386wt6/6lrRw==",
      "dependencies": [
        "iceberg-js",
        "tslib"
      ]
    },
    "@supabase/supabase-js@2.104.0": {
      "integrity": "sha512-hILwhIjCB53G31jlHUe73NDEmrXudcjcYlVRuvNfEhzf0gyFQaFf7j6rd1UGmYZkFMOg//DFE8Iy9ZbNEgosVw==",
      "dependencies": [
        "@supabase/auth-js",
        "@supabase/functions-js",
        "@supabase/postgrest-js",
        "@supabase/realtime-js",
        "@supabase/storage-js"
      ]
    },
    "@types/node@26.6.3": {
      "integrity": "sha512-dsqMQQoeTLqu9wynDD00q573mNzso3IdQOAfHRJqLCcmCFPoGo9A1bDpUcv/9tnKpErQWv9uKeGfl37EIS02Yg==",
      "dependencies": [
        "undici-types"
      ]
    },
    "@types/ws@8.18.1": {
      "integrity": "sha512-ThVF6DCVhA8kUGy+aazFQ4kXQ7E1Ty7A3ypFOe0IcJV8O/M511G99AW24irKrW56Wt44yG9+ij8FaqoBGkuBXg==",
      "dependencies": [
        "@types/node"
      ]
    },
    "bowser@2.14.1": {
      "integrity": "sha512-tzPjzCxygAKWFOJP011oxFHs57HzIhOEracIgAePE4pqB3LikALKnSzUyU4MGs9/iCEUuHlAJTjTc5M+u7YEGg=="
    },
    "iceberg-js@0.8.1": {
      "integrity": "sha512-1dhVQZXhcHje7798IVM+xoo/1ZdVfzOMIc8/rgVSijRK38EDqOJoGula9N/8ZI5RD8QTxNQtK/Gozpr+qUqRRA=="
    },
    "tslib@2.8.1": {
      "integrity": "sha512-oJFu94HQb+KVduSUQL7wnpmqnfmLsOA/nAh6b6EH0wCEoK0/mPeXU6c3wKDV83MkOuHPRHtSXKKU99IBazS/2w=="
    },
    "undici-types@8.9.0": {
      "integrity": "sha512-KTDyRTYX8sWmKXAikPHHSyc63CRPETMctyjKFupcC6OBLXT3xsN0e9aF7m+mIXutFWpUXuedtowG7iLOzp0kQg=="
    },
    "ws@8.22.0": {
      "integrity": "sha512-Ydggc987+RO0AnWtZ/7Wq9FtNvcrL1b/RO0ud9mWjUPgDrsAAwQSF51sm2hm1XofbU/4jkpGEsLFsZZxU+1DOg=="
    }
  }
}
